
Microsoft Visual Studio Solution File, Format Version 12.00
# Visual Studio Version 17
VisualStudioVersion = 17.8.34330.188
MinimumVisualStudioVersion = 10.0.40219.1
Project("{8BC9CEB8-8B4A-11D0-8D11-00A0C91BC942}") = "FeaBeam", "FeaBeam\FeaBeam.vcxproj", "{2E69EEDA-502C-4896-A2AE-144A2C225177}"
EndProject
Global
	GlobalSection(SolutionConfigurationPlatforms) = preSolution
		Debug|ARM64 = Debug|ARM64
		Debug|x64 = Debug|x64
		Debug|x86 = Debug|x86
		Release|ARM64 = Release|ARM64
		Release|x64 = Release|x64
		Release|x86 = Release|x86
	EndGlobalSection
	GlobalSection(ProjectConfigurationPlatforms) = postSolution
		{2E69EEDA-502C-4896-A2AE-144A2C225177}.Debug|ARM64.ActiveCfg = Debug|ARM64
		{2E69EEDA-502C-4896-A2AE-144A2C225177}.Debug|ARM64.Build.0 = Debug|ARM64
		{2E69EEDA-502C-4896-A2AE-144A2C225177}.Debug|x64.ActiveCfg = Debug|x64
		{2E69EEDA-502C-4896-A2AE-144A2C225177}.Debug|x64.Build.0 = Debug|x64
		{2E69EEDA-502C-4896-A2AE-144A2C225177}.Debug|x86.ActiveCfg = Debug|Win32
		{2E69EEDA-502C-4896-A2AE-144A2C225177}.Debug|x86.Build.0 = Debug|Win32
		{2E69EEDA-502C-4896-A2AE-144A2C225177}.Release|ARM64.ActiveCfg = Release|ARM64
		{2E69EEDA-502C-4896-A2AE-144A2C225177}.Release|ARM64.Build.0 = Release|ARM64
		{2E69EEDA-502C-4896-A2AE-144A2C225177}.Release|x64.ActiveCfg = Release|x64
		{2E69EEDA-502C-4896-A2AE-144A2C225177}.Release|x64.Build.0 = Release|x64
		{2E69EEDA-502C-4896-A2AE-144A2C225177}.Release|x86.ActiveCfg = Release|Win32
		{2E69EEDA-502C-4896-A2AE-144A2C225177}.Release|x86.Build.0 = Release|Win32
	EndGlobalSection
	GlobalSection(SolutionProperties) = preSolution
		HideSolutionNode = FALSE
	EndGlobalSection
	GlobalSection(ExtensibilityGlobals) = postSolution
		SolutionGuid = {4F3836CE-62CD-4675-A950-0AB2A118C132}
	EndGlobalSection
EndGlobal
